
Microsoft Visual Studio Solution File, Format Version 11.00
# Visual Studio 2010
Project("{FAE04EC0-301F-11D3-BF4B-00C04F79EFBC}") = "mytracker.api", "mytracker.api.csproj", "{2B78271D-DF99-4647-8192-F8DDC3F33D63}"
EndProject
Project("{FAE04EC0-301F-11D3-BF4B-00C04F79EFBC}") = "mytracker.api.tests", "..\mytracker.api.tests\mytracker.api.tests.csproj", "{19CAE613-9DE2-404B-BA26-3BD3C12471AF}"
EndProject
Project("{FAE04EC0-301F-11D3-BF4B-00C04F79EFBC}") = "mytracker.web.api", "mytracker.web.api\mytracker.web.api.csproj", "{4630C080-8056-4A13-9023-82A1C75CD650}"
EndProject
Global
	GlobalSection(SolutionConfigurationPlatforms) = preSolution
		Debug|Any CPU = Debug|Any CPU
		Release|Any CPU = Release|Any CPU
	EndGlobalSection
	GlobalSection(ProjectConfigurationPlatforms) = postSolution
		{2B78271D-DF99-4647-8192-F8DDC3F33D63}.Debug|Any CPU.ActiveCfg = Debug|Any CPU
		{2B78271D-DF99-4647-8192-F8DDC3F33D63}.Debug|Any CPU.Build.0 = Debug|Any CPU
		{2B78271D-DF99-4647-8192-F8DDC3F33D63}.Release|Any CPU.ActiveCfg = Release|Any CPU
		{2B78271D-DF99-4647-8192-F8DDC3F33D63}.Release|Any CPU.Build.0 = Release|Any CPU
		{19CAE613-9DE2-404B-BA26-3BD3C12471AF}.Debug|Any CPU.ActiveCfg = Debug|Any CPU
		{19CAE613-9DE2-404B-BA26-3BD3C12471AF}.Debug|Any CPU.Build.0 = Debug|Any CPU
		{19CAE613-9DE2-404B-BA26-3BD3C12471AF}.Release|Any CPU.ActiveCfg = Release|Any CPU
		{19CAE613-9DE2-404B-BA26-3BD3C12471AF}.Release|Any CPU.Build.0 = Release|Any CPU
		{4630C080-8056-4A13-9023-82A1C75CD650}.Debug|Any CPU.ActiveCfg = Debug|Any CPU
		{4630C080-8056-4A13-9023-82A1C75CD650}.Debug|Any CPU.Build.0 = Debug|Any CPU
		{4630C080-8056-4A13-9023-82A1C75CD650}.Release|Any CPU.ActiveCfg = Release|Any CPU
		{4630C080-8056-4A13-9023-82A1C75CD650}.Release|Any CPU.Build.0 = Release|Any CPU
	EndGlobalSection
	GlobalSection(SolutionProperties) = preSolution
		HideSolutionNode = FALSE
	EndGlobalSection
EndGlobal
